
Microsoft Visual Studio Solution File, Format Version 12.00
# Visual Studio Version 17
VisualStudioVersion = 17.11.35303.130
MinimumVisualStudioVersion = 10.0.40219.1
Project("{9A19103F-16F7-4668-BE54-9A1E7A4F7556}") = "KLM.Repository", "KLM.Repository\KLM.Repository.csproj", "{15947366-A952-4772-ACBB-726D2113D30E}"
EndProject
Project("{FAE04EC0-301F-11D3-BF4B-00C04F79EFBC}") = "KLM.APIService", "KLM.APIService\KLM.APIService.csproj", "{3FA25AD2-E969-471A-89E7-5E97CAC3F324}"
EndProject
Global
	GlobalSection(SolutionConfigurationPlatforms) = preSolution
		Debug|Any CPU = Debug|Any CPU
		Release|Any CPU = Release|Any CPU
	EndGlobalSection
	GlobalSection(ProjectConfigurationPlatforms) = postSolution
		{15947366-A952-4772-ACBB-726D2113D30E}.Debug|Any CPU.ActiveCfg = Debug|Any CPU
		{15947366-A952-4772-ACBB-726D2113D30E}.Debug|Any CPU.Build.0 = Debug|Any CPU
		{15947366-A952-4772-ACBB-726D2113D30E}.Release|Any CPU.ActiveCfg = Release|Any CPU
		{15947366-A952-4772-ACBB-726D2113D30E}.Release|Any CPU.Build.0 = Release|Any CPU
		{3FA25AD2-E969-471A-89E7-5E97CAC3F324}.Debug|Any CPU.ActiveCfg = Debug|Any CPU
		{3FA25AD2-E969-471A-89E7-5E97CAC3F324}.Debug|Any CPU.Build.0 = Debug|Any CPU
		{3FA25AD2-E969-471A-89E7-5E97CAC3F324}.Release|Any CPU.ActiveCfg = Release|Any CPU
		{3FA25AD2-E969-471A-89E7-5E97CAC3F324}.Release|Any CPU.Build.0 = Release|Any CPU
	EndGlobalSection
	GlobalSection(SolutionProperties) = preSolution
		HideSolutionNode = FALSE
	EndGlobalSection
	GlobalSection(ExtensibilityGlobals) = postSolution
		SolutionGuid = {46DAA27D-1C93-4C55-98C4-563728430CFB}
	EndGlobalSection
EndGlobal
